// !$*UTF8*$!
{
	archiveVersion = 1;
	classes = {
	};
	objectVersion = 56;
	objects = {

/* Begin PBXBuildFile section */
		D71B9A3529B5FAE70008E877 /* RepositoryPatternApp.swift in Sources */ = {isa = PBXBuildFile; fileRef = D71B9A3429B5FAE70008E877 /* RepositoryPatternApp.swift */; };
		D71B9A3729B5FAE70008E877 /* ContentView.swift in Sources */ = {isa = PBXBuildFile; fileRef = D71B9A3629B5FAE70008E877 /* ContentView.swift */; };
		D71B9A3929B5FAE90008E877 /* Assets.xcassets in Resources */ = {isa = PBXBuildFile; fileRef = D71B9A3829B5FAE90008E877 /* Assets.xcassets */; };
		D71B9A3C29B5FAE90008E877 /* Preview Assets.xcassets in Resources */ = {isa = PBXBuildFile; fileRef = D71B9A3B29B5FAE90008E877 /* Preview Assets.xcassets */; };
		D71B9A3E29B5FAE90008E877 /* Persistence.swift in Sources */ = {isa = PBXBuildFile; fileRef = D71B9A3D29B5FAE90008E877 /* Persistence.swift */; };
		D71B9A4129B5FAE90008E877 /* RepositoryPattern.xcdatamodeld in Sources */ = {isa = PBXBuildFile; fileRef = D71B9A3F29B5FAE90008E877 /* RepositoryPattern.xcdatamodeld */; };
		D71B9A4B29B5FAEA0008E877 /* RepositoryPatternTests.swift in Sources */ = {isa = PBXBuildFile; fileRef = D71B9A4A29B5FAEA0008E877 /* RepositoryPatternTests.swift */; };
		D71B9A5529B5FAEA0008E877 /* RepositoryPatternUITests.swift in Sources */ = {isa = PBXBuildFile; fileRef = D71B9A5429B5FAEA0008E877 /* RepositoryPatternUITests.swift */; };
		D71B9A5729B5FAEA0008E877 /* RepositoryPatternUITestsLaunchTests.swift in Sources */ = {isa = PBXBuildFile; fileRef = D71B9A5629B5FAEA0008E877 /* RepositoryPatternUITestsLaunchTests.swift */; };
/* End PBXBuildFile section */

/* Begin PBXContainerItemProxy section */
		D71B9A4729B5FAEA0008E877 /* PBXContainerItemProxy */ = {
			isa = PBXContainerItemProxy;
			containerPortal = D71B9A2929B5FAE70008E877 /* Project object */;
			proxyType = 1;
			remoteGlobalIDString = D71B9A3029B5FAE70008E877;
			remoteInfo = RepositoryPattern;
		};
		D71B9A5129B5FAEA0008E877 /* PBXContainerItemProxy */ = {
			isa = PBXContainerItemProxy;
			containerPortal = D71B9A2929B5FAE70008E877 /* Project object */;
			proxyType = 1;
			remoteGlobalIDString = D71B9A3029B5FAE70008E877;
			remoteInfo = RepositoryPattern;
		};
/* End PBXContainerItemProxy section */

/* Begin PBXFileReference section */
		D71B9A3129B5FAE70008E877 /* RepositoryPattern.app */ = {isa = PBXFileReference; explicitFileType = wrapper.application; includeInIndex = 0; path = RepositoryPattern.app; sourceTree = BUILT_PRODUCTS_DIR; };
		D71B9A3429B5FAE70008E877 /* RepositoryPatternApp.swift */ = {isa = PBXFileReference; lastKnownFileType = sourcecode.swift; path = RepositoryPatternApp.swift; sourceTree = "<group>"; };
		D71B9A3629B5FAE70008E877 /* ContentView.swift */ = {isa = PBXFileReference; lastKnownFileType = sourcecode.swift; path = ContentView.swift; sourceTree = "<group>"; };
		D71B9A3829B5FAE90008E877 /* Assets.xcassets */ = {isa = PBXFileReference; lastKnownFileType = folder.assetcatalog; path = Assets.xcassets; sourceTree = "<group>"; };
		D71B9A3B29B5FAE90008E877 /* Preview Assets.xcassets */ = {isa = PBXFileReference; lastKnownFileType = folder.assetcatalog; path = "Preview Assets.xcassets"; sourceTree = "<group>"; };
		D71B9A3D29B5FAE90008E877 /* Persistence.swift */ = {isa = PBXFileReference; lastKnownFileType = sourcecode.swift; path = Persistence.swift; sourceTree = "<group>"; };
		D71B9A4029B5FAE90008E877 /* RepositoryPattern.xcdatamodel */ = {isa = PBXFileReference; lastKnownFileType = wrapper.xcdatamodel; path = RepositoryPattern.xcdatamodel; sourceTree = "<group>"; };
		D71B9A4629B5FAEA0008E877 /* RepositoryPatternTests.xctest */ = {isa = PBXFileReference; explicitFileType = wrapper.cfbundle; includeInIndex = 0; path = RepositoryPatternTests.xctest; sourceTree = BUILT_PRODUCTS_DIR; };
		D71B9A4A29B5FAEA0008E877 /* RepositoryPatternTests.swift */ = {isa = PBXFileReference; lastKnownFileType = sourcecode.swift; path = RepositoryPatternTests.swift; sourceTree = "<group>"; };
		D71B9A5029B5FAEA0008E877 /* RepositoryPatternUITests.xctest */ = {isa = PBXFileReference; explicitFileType = wrapper.cfbundle; includeInIndex = 0; path = RepositoryPatternUITests.xctest; sourceTree = BUILT_PRODUCTS_DIR; };
		D71B9A5429B5FAEA0008E877 /* RepositoryPatternUITests.swift */ = {isa = PBXFileReference; lastKnownFileType = sourcecode.swift; path = RepositoryPatternUITests.swift; sourceTree = "<group>"; };
		D71B9A5629B5FAEA0008E877 /* RepositoryPatternUITestsLaunchTests.swift */ = {isa = PBXFileReference; lastKnownFileType = sourcecode.swift; path = RepositoryPatternUITestsLaunchTests.swift; sourceTree = "<group>"; };
/* End PBXFileReference section */

/* Begin PBXFrameworksBuildPhase section */
		D71B9A2E29B5FAE70008E877 /* Frameworks */ = {
			isa = PBXFrameworksBuildPhase;
			buildActionMask = 2147483647;
			files = (
			);
			runOnlyForDeploymentPostprocessing = 0;
		};
		D71B9A4329B5FAEA0008E877 /* Frameworks */ = {
			isa = PBXFrameworksBuildPhase;
			buildActionMask = 2147483647;
			files = (
			);
			runOnlyForDeploymentPostprocessing = 0;
		};
		D71B9A4D29B5FAEA0008E877 /* Frameworks */ = {
			isa = PBXFrameworksBuildPhase;
			buildActionMask = 2147483647;
			files = (
			);
			runOnlyForDeploymentPostprocessing = 0;
		};
/* End PBXFrameworksBuildPhase section */

/* Begin PBXGroup section */
		D71B9A2829B5FAE70008E877 = {
			isa = PBXGroup;
			children = (
				D71B9A3329B5FAE70008E877 /* RepositoryPattern */,
				D71B9A4929B5FAEA0008E877 /* RepositoryPatternTests */,
				D71B9A5329B5FAEA0008E877 /* RepositoryPatternUITests */,
				D71B9A3229B5FAE70008E877 /* Products */,
			);
			sourceTree = "<group>";
		};
		D71B9A3229B5FAE70008E877 /* Products */ = {
			isa = PBXGroup;
			children = (
				D71B9A3129B5FAE70008E877 /* RepositoryPattern.app */,
				D71B9A4629B5FAEA0008E877 /* RepositoryPatternTests.xctest */,
				D71B9A5029B5FAEA0008E877 /* RepositoryPatternUITests.xctest */,
			);
			name = Products;
			sourceTree = "<group>";
		};
		D71B9A3329B5FAE70008E877 /* RepositoryPattern */ = {
			isa = PBXGroup;
			children = (
				D71B9A3429B5FAE70008E877 /* RepositoryPatternApp.swift */,
				D71B9A3629B5FAE70008E877 /* ContentView.swift */,
				D71B9A3829B5FAE90008E877 /* Assets.xcassets */,
				D71B9A3D29B5FAE90008E877 /* Persistence.swift */,
				D71B9A3F29B5FAE90008E877 /* RepositoryPattern.xcdatamodeld */,
				D71B9A3A29B5FAE90008E877 /* Preview Content */,
			);
			path = RepositoryPattern;
			sourceTree = "<group>";
		};
		D71B9A3A29B5FAE90008E877 /* Preview Content */ = {
			isa = PBXGroup;
			children = (
				D71B9A3B29B5FAE90008E877 /* Preview Assets.xcassets */,
			);
			path = "Preview Content";
			sourceTree = "<group>";
		};
		D71B9A4929B5FAEA0008E877 /* RepositoryPatternTests */ = {
			isa = PBXGroup;
			children = (
				D71B9A4A29B5FAEA0008E877 /* RepositoryPatternTests.swift */,
			);
			path = RepositoryPatternTests;
			sourceTree = "<group>";
		};
		D71B9A5329B5FAEA0008E877 /* RepositoryPatternUITests */ = {
			isa = PBXGroup;
			children = (
				D71B9A5429B5FAEA0008E877 /* RepositoryPatternUITests.swift */,
				D71B9A5629B5FAEA0008E877 /* RepositoryPatternUITestsLaunchTests.swift */,
			);
			path = RepositoryPatternUITests;
			sourceTree = "<group>";
		};
/* End PBXGroup section */

/* Begin PBXNativeTarget section */
		D71B9A3029B5FAE70008E877 /* RepositoryPattern */ = {
			isa = PBXNativeTarget;
			buildConfigurationList = D71B9A5A29B5FAEA0008E877 /* Build configuration list for PBXNativeTarget "RepositoryPattern" */;
			buildPhases = (
				D71B9A2D29B5FAE70008E877 /* Sources */,
				D71B9A2E29B5FAE70008E877 /* Frameworks */,
				D71B9A2F29B5FAE70008E877 /* Resources */,
			);
			buildRules = (
			);
			dependencies = (
			);
			name = RepositoryPattern;
			productName = RepositoryPattern;
			productReference = D71B9A3129B5FAE70008E877 /* RepositoryPattern.app */;
			productType = "com.apple.product-type.application";
		};
		D71B9A4529B5FAEA0008E877 /* RepositoryPatternTests */ = {
			isa = PBXNativeTarget;
			buildConfigurationList = D71B9A5D29B5FAEA0008E877 /* Build configuration list for PBXNativeTarget "RepositoryPatternTests" */;
			buildPhases = (
				D71B9A4229B5FAEA0008E877 /* Sources */,
				D71B9A4329B5FAEA0008E877 /* Frameworks */,
				D71B9A4429B5FAEA0008E877 /* Resources */,
			);
			buildRules = (
			);
			dependencies = (
				D71B9A4829B5FAEA0008E877 /* PBXTargetDependency */,
			);
			name = RepositoryPatternTests;
			productName = RepositoryPatternTests;
			productReference = D71B9A4629B5FAEA0008E877 /* RepositoryPatternTests.xctest */;
			productType = "com.apple.product-type.bundle.unit-test";
		};
		D71B9A4F29B5FAEA0008E877 /* RepositoryPatternUITests */ = {
			isa = PBXNativeTarget;
			buildConfigurationList = D71B9A6029B5FAEA0008E877 /* Build configuration list for PBXNativeTarget "RepositoryPatternUITests" */;
			buildPhases = (
				D71B9A4C29B5FAEA0008E877 /* Sources */,
				D71B9A4D29B5FAEA0008E877 /* Frameworks */,
				D71B9A4E29B5FAEA0008E877 /* Resources */,
			);
			buildRules = (
			);
			dependencies = (
				D71B9A5229B5FAEA0008E877 /* PBXTargetDependency */,
			);
			name = RepositoryPatternUITests;
			productName = RepositoryPatternUITests;
			productReference = D71B9A5029B5FAEA0008E877 /* RepositoryPatternUITests.xctest */;
			productType = "com.apple.product-type.bundle.ui-testing";
		};
/* End PBXNativeTarget section */

/* Begin PBXProject section */
		D71B9A2929B5FAE70008E877 /* Project object */ = {
			isa = PBXProject;
			attributes = {
				BuildIndependentTargetsInParallel = 1;
				LastSwiftUpdateCheck = 1400;
				LastUpgradeCheck = 1400;
				TargetAttributes = {
					D71B9A3029B5FAE70008E877 = {
						CreatedOnToolsVersion = 14.0.1;
					};
					D71B9A4529B5FAEA0008E877 = {
						CreatedOnToolsVersion = 14.0.1;
						TestTargetID = D71B9A3029B5FAE70008E877;
					};
					D71B9A4F29B5FAEA0008E877 = {
						CreatedOnToolsVersion = 14.0.1;
						TestTargetID = D71B9A3029B5FAE70008E877;
					};
				};
			};
			buildConfigurationList = D71B9A2C29B5FAE70008E877 /* Build configuration list for PBXProject "RepositoryPattern" */;
			compatibilityVersion = "Xcode 14.0";
			developmentRegion = en;
			hasScannedForEncodings = 0;
			knownRegions = (
				en,
				Base,
			);
			mainGroup = D71B9A2829B5FAE70008E877;
			productRefGroup = D71B9A3229B5FAE70008E877 /* Products */;
			projectDirPath = "";
			projectRoot = "";
			targets = (
				D71B9A3029B5FAE70008E877 /* RepositoryPattern */,
				D71B9A4529B5FAEA0008E877 /* RepositoryPatternTests */,
				D71B9A4F29B5FAEA0008E877 /* RepositoryPatternUITests */,
			);
		};
/* End PBXProject section */

/* Begin PBXResourcesBuildPhase section */
		D71B9A2F29B5FAE70008E877 /* Resources */ = {
			isa = PBXResourcesBuildPhase;
			buildActionMask = 2147483647;
			files = (
				D71B9A3C29B5FAE90008E877 /* Preview Assets.xcassets in Resources */,
				D71B9A3929B5FAE90008E877 /* Assets.xcassets in Resources */,
			);
			runOnlyForDeploymentPostprocessing = 0;
		};
		D71B9A4429B5FAEA0008E877 /* Resources */ = {
			isa = PBXResourcesBuildPhase;
			buildActionMask = 2147483647;
			files = (
			);
			runOnlyForDeploymentPostprocessing = 0;
		};
		D71B9A4E29B5FAEA0008E877 /* Resources */ = {
			isa = PBXResourcesBuildPhase;
			buildActionMask = 2147483647;
			files = (
			);
			runOnlyForDeploymentPostprocessing = 0;
		};
/* End PBXResourcesBuildPhase section */

/* Begin PBXSourcesBuildPhase section */
		D71B9A2D29B5FAE70008E877 /* Sources */ = {
			isa = PBXSourcesBuildPhase;
			buildActionMask = 2147483647;
			files = (
				D71B9A4129B5FAE90008E877 /* RepositoryPattern.xcdatamodeld in Sources */,
				D71B9A3E29B5FAE90008E877 /* Persistence.swift in Sources */,
				D71B9A3729B5FAE70008E877 /* ContentView.swift in Sources */,
				D71B9A3529B5FAE70008E877 /* RepositoryPatternApp.swift in Sources */,
			);
			runOnlyForDeploymentPostprocessing = 0;
		};
		D71B9A4229B5FAEA0008E877 /* Sources */ = {
			isa = PBXSourcesBuildPhase;
			buildActionMask = 2147483647;
			files = (
				D71B9A4B29B5FAEA0008E877 /* RepositoryPatternTests.swift in Sources */,
			);
			runOnlyForDeploymentPostprocessing = 0;
		};
		D71B9A4C29B5FAEA0008E877 /* Sources */ = {
			isa = PBXSourcesBuildPhase;
			buildActionMask = 2147483647;
			files = (
				D71B9A5529B5FAEA0008E877 /* RepositoryPatternUITests.swift in Sources */,
				D71B9A5729B5FAEA0008E877 /* RepositoryPatternUITestsLaunchTests.swift in Sources */,
			);
			runOnlyForDeploymentPostprocessing = 0;
		};
/* End PBXSourcesBuildPhase section */

/* Begin PBXTargetDependency section */
		D71B9A4829B5FAEA0008E877 /* PBXTargetDependency */ = {
			isa = PBXTargetDependency;
			target = D71B9A3029B5FAE70008E877 /* RepositoryPattern */;
			targetProxy = D71B9A4729B5FAEA0008E877 /* PBXContainerItemProxy */;
		};
		D71B9A5229B5FAEA0008E877 /* PBXTargetDependency */ = {
			isa = PBXTargetDependency;
			target = D71B9A3029B5FAE70008E877 /* RepositoryPattern */;
			targetProxy = D71B9A5129B5FAEA0008E877 /* PBXContainerItemProxy */;
		};
/* End PBXTargetDependency section */

/* Begin XCBuildConfiguration section */
		D71B9A5829B5FAEA0008E877 /* Debug */ = {
			isa = XCBuildConfiguration;
			buildSettings = {
				ALWAYS_SEARCH_USER_PATHS = NO;
				CLANG_ANALYZER_NONNULL = YES;
				CLANG_ANALYZER_NUMBER_OBJECT_CONVERSION = YES_AGGRESSIVE;
				CLANG_CXX_LANGUAGE_STANDARD = "gnu++20";
				CLANG_ENABLE_MODULES = YES;
				CLANG_ENABLE_OBJC_ARC = YES;
				CLANG_ENABLE_OBJC_WEAK = YES;
				CLANG_WARN_BLOCK_CAPTURE_AUTORELEASING = YES;
				CLANG_WARN_BOOL_CONVERSION = YES;
				CLANG_WARN_COMMA = YES;
				CLANG_WARN_CONSTANT_CONVERSION = YES;
				CLANG_WARN_DEPRECATED_OBJC_IMPLEMENTATIONS = YES;
				CLANG_WARN_DIRECT_OBJC_ISA_USAGE = YES_ERROR;
				CLANG_WARN_DOCUMENTATION_COMMENTS = YES;
				CLANG_WARN_EMPTY_BODY = YES;
				CLANG_WARN_ENUM_CONVERSION = YES;
				CLANG_WARN_INFINITE_RECURSION = YES;
				CLANG_WARN_INT_CONVERSION = YES;
				CLANG_WARN_NON_LITERAL_NULL_CONVERSION = YES;
				CLANG_WARN_OBJC_IMPLICIT_RETAIN_SELF = YES;
				CLANG_WARN_OBJC_LITERAL_CONVERSION = YES;
				CLANG_WARN_OBJC_ROOT_CLASS = YES_ERROR;
				CLANG_WARN_QUOTED_INCLUDE_IN_FRAMEWORK_HEADER = YES;
				CLANG_WARN_RANGE_LOOP_ANALYSIS = YES;
				CLANG_WARN_STRICT_PROTOTYPES = YES;
				CLANG_WARN_SUSPICIOUS_MOVE = YES;
				CLANG_WARN_UNGUARDED_AVAILABILITY = YES_AGGRESSIVE;
				CLANG_WARN_UNREACHABLE_CODE = YES;
				CLANG_WARN__DUPLICATE_METHOD_MATCH = YES;
				COPY_PHASE_STRIP = NO;
				DEBUG_INFORMATION_FORMAT = dwarf;
				ENABLE_STRICT_OBJC_MSGSEND = YES;
				ENABLE_TESTABILITY = YES;
				GCC_C_LANGUAGE_STANDARD = gnu11;
				GCC_DYNAMIC_NO_PIC = NO;
				GCC_NO_COMMON_BLOCKS = YES;
				GCC_OPTIMIZATION_LEVEL = 0;
				GCC_PREPROCESSOR_DEFINITIONS = (
					"DEBUG=1",
					"$(inherited)",
				);
				GCC_WARN_64_TO_32_BIT_CONVERSION = YES;
				GCC_WARN_ABOUT_RETURN_TYPE = YES_ERROR;
				GCC_WARN_UNDECLARED_SELECTOR = YES;
				GCC_WARN_UNINITIALIZED_AUTOS = YES_AGGRESSIVE;
				GCC_WARN_UNUSED_FUNCTION = YES;
				GCC_WARN_UNUSED_VARIABLE = YES;
				IPHONEOS_DEPLOYMENT_TARGET = 16.0;
				MTL_ENABLE_DEBUG_INFO = INCLUDE_SOURCE;
				MTL_FAST_MATH = YES;
				ONLY_ACTIVE_ARCH = YES;
				SDKROOT = iphoneos;
				SWIFT_ACTIVE_COMPILATION_CONDITIONS = DEBUG;
				SWIFT_OPTIMIZATION_LEVEL = "-Onone";
			};
			name = Debug;
		};
		D71B9A5929B5FAEA0008E877 /* Release */ = {
			isa = XCBuildConfiguration;
			buildSettings = {
				ALWAYS_SEARCH_USER_PATHS = NO;
				CLANG_ANALYZER_NONNULL = YES;
				CLANG_ANALYZER_NUMBER_OBJECT_CONVERSION = YES_AGGRESSIVE;
				CLANG_CXX_LANGUAGE_STANDARD = "gnu++20";
				CLANG_ENABLE_MODULES = YES;
				CLANG_ENABLE_OBJC_ARC = YES;
				CLANG_ENABLE_OBJC_WEAK = YES;
				CLANG_WARN_BLOCK_CAPTURE_AUTORELEASING = YES;
				CLANG_WARN_BOOL_CONVERSION = YES;
				CLANG_WARN_COMMA = YES;
				CLANG_WARN_CONSTANT_CONVERSION = YES;
				CLANG_WARN_DEPRECATED_OBJC_IMPLEMENTATIONS = YES;
				CLANG_WARN_DIRECT_OBJC_ISA_USAGE = YES_ERROR;
				CLANG_WARN_DOCUMENTATION_COMMENTS = YES;
				CLANG_WARN_EMPTY_BODY = YES;
				CLANG_WARN_ENUM_CONVERSION = YES;
				CLANG_WARN_INFINITE_RECURSION = YES;
				CLANG_WARN_INT_CONVERSION = YES;
				CLANG_WARN_NON_LITERAL_NULL_CONVERSION = YES;
				CLANG_WARN_OBJC_IMPLICIT_RETAIN_SELF = YES;
				CLANG_WARN_OBJC_LITERAL_CONVERSION = YES;
				CLANG_WARN_OBJC_ROOT_CLASS = YES_ERROR;
				CLANG_WARN_QUOTED_INCLUDE_IN_FRAMEWORK_HEADER = YES;
				CLANG_WARN_RANGE_LOOP_ANALYSIS = YES;
				CLANG_WARN_STRICT_PROTOTYPES = YES;
				CLANG_WARN_SUSPICIOUS_MOVE = YES;
				CLANG_WARN_UNGUARDED_AVAILABILITY = YES_AGGRESSIVE;
				CLANG_WARN_UNREACHABLE_CODE = YES;
				CLANG_WARN__DUPLICATE_METHOD_MATCH = YES;
				COPY_PHASE_STRIP = NO;
				DEBUG_INFORMATION_FORMAT = "dwarf-with-dsym";
				ENABLE_NS_ASSERTIONS = NO;
				ENABLE_STRICT_OBJC_MSGSEND = YES;
				GCC_C_LANGUAGE_STANDARD = gnu11;
				GCC_NO_COMMON_BLOCKS = YES;
				GCC_WARN_64_TO_32_BIT_CONVERSION = YES;
				GCC_WARN_ABOUT_RETURN_TYPE = YES_ERROR;
				GCC_WARN_UNDECLARED_SELECTOR = YES;
				GCC_WARN_UNINITIALIZED_AUTOS = YES_AGGRESSIVE;
				GCC_WARN_UNUSED_FUNCTION = YES;
				GCC_WARN_UNUSED_VARIABLE = YES;
				IPHONEOS_DEPLOYMENT_TARGET = 16.0;
				MTL_ENABLE_DEBUG_INFO = NO;
				MTL_FAST_MATH = YES;
				SDKROOT = iphoneos;
				SWIFT_COMPILATION_MODE = wholemodule;
				SWIFT_OPTIMIZATION_LEVEL = "-O";
				VALIDATE_PRODUCT = YES;
			};
			name = Release;
		};
		D71B9A5B29B5FAEA0008E877 /* Debug */ = {
			isa = XCBuildConfiguration;
			buildSettings = {
				ASSETCATALOG_COMPILER_APPICON_NAME = AppIcon;
				ASSETCATALOG_COMPILER_GLOBAL_ACCENT_COLOR_NAME = AccentColor;
				CODE_SIGN_STYLE = Automatic;
				CURRENT_PROJECT_VERSION = 1;
				DEVELOPMENT_ASSET_PATHS = "\"RepositoryPattern/Preview Content\"";
				ENABLE_PREVIEWS = YES;
				GENERATE_INFOPLIST_FILE = YES;
				INFOPLIST_KEY_UIApplicationSceneManifest_Generation = YES;
				INFOPLIST_KEY_UIApplicationSupportsIndirectInputEvents = YES;
				INFOPLIST_KEY_UILaunchScreen_Generation = YES;
				INFOPLIST_KEY_UISupportedInterfaceOrientations_iPad = "UIInterfaceOrientationPortrait UIInterfaceOrientationPortraitUpsideDown UIInterfaceOrientationLandscapeLeft UIInterfaceOrientationLandscapeRight";
				INFOPLIST_KEY_UISupportedInterfaceOrientations_iPhone = "UIInterfaceOrientationPortrait UIInterfaceOrientationLandscapeLeft UIInterfaceOrientationLandscapeRight";
				LD_RUNPATH_SEARCH_PATHS = (
					"$(inherited)",
					"@executable_path/Frameworks",
				);
				MARKETING_VERSION = 1.0;
				PRODUCT_BUNDLE_IDENTIFIER = Gagandeep.RepositoryPattern;
				PRODUCT_NAME = "$(TARGET_NAME)";
				SWIFT_EMIT_LOC_STRINGS = YES;
				SWIFT_VERSION = 5.0;
				TARGETED_DEVICE_FAMILY = "1,2";
			};
			name = Debug;
		};
		D71B9A5C29B5FAEA0008E877 /* Release */ = {
			isa = XCBuildConfiguration;
			buildSettings = {
				ASSETCATALOG_COMPILER_APPICON_NAME = AppIcon;
				ASSETCATALOG_COMPILER_GLOBAL_ACCENT_COLOR_NAME = AccentColor;
				CODE_SIGN_STYLE = Automatic;
				CURRENT_PROJECT_VERSION = 1;
				DEVELOPMENT_ASSET_PATHS = "\"RepositoryPattern/Preview Content\"";
				ENABLE_PREVIEWS = YES;
				GENERATE_INFOPLIST_FILE = YES;
				INFOPLIST_KEY_UIApplicationSceneManifest_Generation = YES;
				INFOPLIST_KEY_UIApplicationSupportsIndirectInputEvents = YES;
				INFOPLIST_KEY_UILaunchScreen_Generation = YES;
				INFOPLIST_KEY_UISupportedInterfaceOrientations_iPad = "UIInterfaceOrientationPortrait UIInterfaceOrientationPortraitUpsideDown UIInterfaceOrientationLandscapeLeft UIInterfaceOrientationLandscapeRight";
				INFOPLIST_KEY_UISupportedInterfaceOrientations_iPhone = "UIInterfaceOrientationPortrait UIInterfaceOrientationLandscapeLeft UIInterfaceOrientationLandscapeRight";
				LD_RUNPATH_SEARCH_PATHS = (
					"$(inherited)",
					"@executable_path/Frameworks",
				);
				MARKETING_VERSION = 1.0;
				PRODUCT_BUNDLE_IDENTIFIER = Gagandeep.RepositoryPattern;
				PRODUCT_NAME = "$(TARGET_NAME)";
				SWIFT_EMIT_LOC_STRINGS = YES;
				SWIFT_VERSION = 5.0;
				TARGETED_DEVICE_FAMILY = "1,2";
			};
			name = Release;
		};
		D71B9A5E29B5FAEA0008E877 /* Debug */ = {
			isa = XCBuildConfiguration;
			buildSettings = {
				ALWAYS_EMBED_SWIFT_STANDARD_LIBRARIES = YES;
				BUNDLE_LOADER = "$(TEST_HOST)";
				CODE_SIGN_STYLE = Automatic;
				CURRENT_PROJECT_VERSION = 1;
				GENERATE_INFOPLIST_FILE = YES;
				IPHONEOS_DEPLOYMENT_TARGET = 16.0;
				MARKETING_VERSION = 1.0;
				PRODUCT_BUNDLE_IDENTIFIER = Gagandeep.RepositoryPatternTests;
				PRODUCT_NAME = "$(TARGET_NAME)";
				SWIFT_EMIT_LOC_STRINGS = NO;
				SWIFT_VERSION = 5.0;
				TARGETED_DEVICE_FAMILY = "1,2";
				TEST_HOST = "$(BUILT_PRODUCTS_DIR)/RepositoryPattern.app/$(BUNDLE_EXECUTABLE_FOLDER_PATH)/RepositoryPattern";
			};
			name = Debug;
		};
		D71B9A5F29B5FAEA0008E877 /* Release */ = {
			isa = XCBuildConfiguration;
			buildSettings = {
				ALWAYS_EMBED_SWIFT_STANDARD_LIBRARIES = YES;
				BUNDLE_LOADER = "$(TEST_HOST)";
				CODE_SIGN_STYLE = Automatic;
				CURRENT_PROJECT_VERSION = 1;
				GENERATE_INFOPLIST_FILE = YES;
				IPHONEOS_DEPLOYMENT_TARGET = 16.0;
				MARKETING_VERSION = 1.0;
				PRODUCT_BUNDLE_IDENTIFIER = Gagandeep.RepositoryPatternTests;
				PRODUCT_NAME = "$(TARGET_NAME)";
				SWIFT_EMIT_LOC_STRINGS = NO;
				SWIFT_VERSION = 5.0;
				TARGETED_DEVICE_FAMILY = "1,2";
				TEST_HOST = "$(BUILT_PRODUCTS_DIR)/RepositoryPattern.app/$(BUNDLE_EXECUTABLE_FOLDER_PATH)/RepositoryPattern";
			};
			name = Release;
		};
		D71B9A6129B5FAEA0008E877 /* Debug */ = {
			isa = XCBuildConfiguration;
			buildSettings = {
				ALWAYS_EMBED_SWIFT_STANDARD_LIBRARIES = YES;
				CODE_SIGN_STYLE = Automatic;
				CURRENT_PROJECT_VERSION = 1;
				GENERATE_INFOPLIST_FILE = YES;
				MARKETING_VERSION = 1.0;
				PRODUCT_BUNDLE_IDENTIFIER = Gagandeep.RepositoryPatternUITests;
				PRODUCT_NAME = "$(TARGET_NAME)";
				SWIFT_EMIT_LOC_STRINGS = NO;
				SWIFT_VERSION = 5.0;
				TARGETED_DEVICE_FAMILY = "1,2";
				TEST_TARGET_NAME = RepositoryPattern;
			};
			name = Debug;
		};
		D71B9A6229B5FAEA0008E877 /* Release */ = {
			isa = XCBuildConfiguration;
			buildSettings = {
				ALWAYS_EMBED_SWIFT_STANDARD_LIBRARIES = YES;
				CODE_SIGN_STYLE = Automatic;
				CURRENT_PROJECT_VERSION = 1;
				GENERATE_INFOPLIST_FILE = YES;
				MARKETING_VERSION = 1.0;
				PRODUCT_BUNDLE_IDENTIFIER = Gagandeep.RepositoryPatternUITests;
				PRODUCT_NAME = "$(TARGET_NAME)";
				SWIFT_EMIT_LOC_STRINGS = NO;
				SWIFT_VERSION = 5.0;
				TARGETED_DEVICE_FAMILY = "1,2";
				TEST_TARGET_NAME = RepositoryPattern;
			};
			name = Release;
		};
/* End XCBuildConfiguration section */

/* Begin XCConfigurationList section */
		D71B9A2C29B5FAE70008E877 /* Build configuration list for PBXProject "RepositoryPattern" */ = {
			isa = XCConfigurationList;
			buildConfigurations = (
				D71B9A5829B5FAEA0008E877 /* Debug */,
				D71B9A5929B5FAEA0008E877 /* Release */,
			);
			defaultConfigurationIsVisible = 0;
			defaultConfigurationName = Release;
		};
		D71B9A5A29B5FAEA0008E877 /* Build configuration list for PBXNativeTarget "RepositoryPattern" */ = {
			isa = XCConfigurationList;
			buildConfigurations = (
				D71B9A5B29B5FAEA0008E877 /* Debug */,
				D71B9A5C29B5FAEA0008E877 /* Release */,
			);
			defaultConfigurationIsVisible = 0;
			defaultConfigurationName = Release;
		};
		D71B9A5D29B5FAEA0008E877 /* Build configuration list for PBXNativeTarget "RepositoryPatternTests" */ = {
			isa = XCConfigurationList;
			buildConfigurations = (
				D71B9A5E29B5FAEA0008E877 /* Debug */,
				D71B9A5F29B5FAEA0008E877 /* Release */,
			);
			defaultConfigurationIsVisible = 0;
			defaultConfigurationName = Release;
		};
		D71B9A6029B5FAEA0008E877 /* Build configuration list for PBXNativeTarget "RepositoryPatternUITests" */ = {
			isa = XCConfigurationList;
			buildConfigurations = (
				D71B9A6129B5FAEA0008E877 /* Debug */,
				D71B9A6229B5FAEA0008E877 /* Release */,
			);
			defaultConfigurationIsVisible = 0;
			defaultConfigurationName = Release;
		};
/* End XCConfigurationList section */

/* Begin XCVersionGroup section */
		D71B9A3F29B5FAE90008E877 /* RepositoryPattern.xcdatamodeld */ = {
			isa = XCVersionGroup;
			children = (
				D71B9A4029B5FAE90008E877 /* RepositoryPattern.xcdatamodel */,
			);
			currentVersion = D71B9A4029B5FAE90008E877 /* RepositoryPattern.xcdatamodel */;
			path = RepositoryPattern.xcdatamodeld;
			sourceTree = "<group>";
			versionGroupType = wrapper.xcdatamodel;
		};
/* End XCVersionGroup section */
	};
	rootObject = D71B9A2929B5FAE70008E877 /* Project object */;
}
